
Microsoft Visual Studio Solution File, Format Version 11.00
# Visual Studio 2010
Project("{FAE04EC0-301F-11D3-BF4B-00C04F79EFBC}") = "Project", "Project.csproj", "{3442545c-9a05-8173-7eab-8e41af99870f}"
EndProject
Project("{FAE04EC0-301F-11D3-BF4B-00C04F79EFBC}") = "Assembly-CSharp", "Assembly-CSharp.csproj", "{39ecbc30-7f0d-7024-eebc-41605de53eaa}"
EndProject
Global
	GlobalSection(SolutionConfigurationPlatforms) = preSolution
		Debug|Any CPU = Debug|Any CPU
	EndGlobalSection
	GlobalSection(ProjectConfigurationPlatforms) = postSolution
		{3442545c-9a05-8173-7eab-8e41af99870f}.Debug|Any CPU.ActiveCfg = Debug|Any CPU
		{3442545c-9a05-8173-7eab-8e41af99870f}.Debug|Any CPU.Build.0 = Debug|Any CPU
		{39ecbc30-7f0d-7024-eebc-41605de53eaa}.Debug|Any CPU.ActiveCfg = Debug|Any CPU
		{39ecbc30-7f0d-7024-eebc-41605de53eaa}.Debug|Any CPU.Build.0 = Debug|Any CPU
	EndGlobalSection
	GlobalSection(SolutionProperties) = preSolution
		HideSolutionNode = FALSE
	EndGlobalSection
EndGlobal
